github.com/Pois-Noir/Mammad v0.0.0-20250609234933-b602bbd4da56 h1:s3Ol1CDxUf3P7agPamcfggaeL48Q2C9xkf9rE1seulY=
github.com/Pois-Noir/Mammad v0.0.0-20250609234933-b602bbd4da56/go.mod h1:FCViZqp8RSRMfh9N7R3WSPu3SSS/hToV8w4rTmnEmNk=
github.com/Pois-Noir/Mammad v0.0.0-20250610000811-9bd7409e9ccf h1:Rbh05WUP1LxHNPPJyCdvngSHJ1QwYDR0MbtF0ckZ5h8=
github.com/Pois-Noir/Mammad v0.0.0-20250610000811-9bd7409e9ccf/go.mod h1:FCViZqp8RSRMfh9N7R3WSPu3SSS/hToV8w4rTmnEmNk=
